<Solution>
  <Folder Name="/Plugins/">
    <Project Path="Bearcat.Archivers/Bearcat.Archivers.csproj" />
    <Project Path="Bearcat.Hosters/Bearcat.Hosters.csproj" />
  </Folder>
  <Folder Name="/Startups/">
    <Project Path="Bearcat.ConsoleApp/Bearcat.ConsoleApp.csproj" />
    <Project Path="Bearcat.Host\Bearcat.Host.csproj" />
    <Project Path="Bearcat.Launcher/Bearcat.Launcher.csproj" />
  </Folder>
  <Project Path="Bearcat.Application/Bearcat.Application.csproj" />
  <Project Path="Bearcat.Domain\Bearcat.Domain.csproj" />
  <Project Path="Bearcat.Infrastructure/Bearcat.Infrastructure.csproj" />
  <Project Path="Bearcat.Website\Bearcat.Website.csproj" />
</Solution>
