<Solution>
    <Folder Name="/1_Startups/">
        <Project Path="Bearcat.ConsoleApp/Bearcat.ConsoleApp.csproj" />
        <Project Path="Bearcat.Host\Bearcat.Host.csproj" />
    </Folder>
    <Folder Name="/2_Shared/">
        <Project Path="Bearcat.Abstractions/Bearcat.Abstractions.csproj" />
    </Folder>
    <Folder Name="/3_Core/">
        <Project Path="Bearcat.Application/Bearcat.Application.csproj" />
        <Project Path="Bearcat.Domain\Bearcat.Domain.csproj" />
        <Project Path="Bearcat.Infrastructure/Bearcat.Infrastructure.csproj" />
        <Project Path="Bearcat.Website.Blueprint\Bearcat.Website.Blueprint.csproj" />
    </Folder>
    <Folder Name="/4_Plugins/">
        <Project Path="Bearcat.Archivers/Bearcat.Archivers.csproj" />
        <Project Path="Bearcat.Hosters/Bearcat.Hosters.csproj" />
        <Project Path="Bearcat.LinkCrypters/Bearcat.LinkCrypters.csproj" />
    </Folder>
</Solution>
