<Solution>
    <Folder Name="/1_Startups/">
        <Project Path="src/Bearcat.Host/Bearcat.Host.csproj" />
    </Folder>
    <Folder Name="/2_Shared/">
        <Project Path="src/Bearcat.Abstractions/Bearcat.Abstractions.csproj" />
    </Folder>
    <Folder Name="/3_Core/">
        <Project Path="src/Bearcat.Application/Bearcat.Application.csproj" />
        <Project Path="src/Bearcat.Domain/Bearcat.Domain.csproj" />
        <Project Path="src/Bearcat.Infrastructure/Bearcat.Infrastructure.csproj" />
        <Project Path="src/Bearcat.Website/Bearcat.Website.csproj" />
    </Folder>
    <Folder Name="/4_Plugins/">
        <Project Path="src/Bearcat.Archivers/Bearcat.Archivers.csproj" />
        <Project Path="src/Bearcat.Hosters/Bearcat.Hosters.csproj" />
        <Project Path="src/Bearcat.LinkCrypters/Bearcat.LinkCrypters.csproj" />
        <Project Path="src/Bearcat.NfoDatabases/Bearcat.NfoDatabases.csproj" />
    </Folder>
    <Folder Name="/5_Tests/">
        <Project Path="test/Bearcat.Archivers.IntegrationTest/Bearcat.Archivers.IntegrationTest.csproj" />
        <Project Path="test/Bearcat.Domain.IntegrationTest/Bearcat.Domain.IntegrationTest.csproj" />
        <Project Path="test/Bearcat.Hosters.UnitTest/Bearcat.Hosters.UnitTest.csproj" />
        <Project Path="test/Bearcat.IntegrationTest.Utils/Bearcat.IntegrationTest.Utils.csproj" />
        <Project Path="test/Bearcat.LinkCrypters.UnitTest/Bearcat.LinkCrypters.UnitTest.csproj" />
    </Folder>
</Solution>
